
Microsoft Visual Studio Solution File, Format Version 12.00
# Visual Studio Version 17
VisualStudioVersion = 17.14.36511.14 d17.14
MinimumVisualStudioVersion = 10.0.40219.1
Project("{FAE04EC0-301F-11D3-BF4B-00C04F79EFBC}") = "MusicWebApp", "MusicWebApp\MusicWebApp.csproj", "{7737AF36-122A-4789-A1C2-D924BACDBE99}"
EndProject
Global
	GlobalSection(SolutionConfigurationPlatforms) = preSolution
		Debug|Any CPU = Debug|Any CPU
		Release|Any CPU = Release|Any CPU
	EndGlobalSection
	GlobalSection(ProjectConfigurationPlatforms) = postSolution
		{7737AF36-122A-4789-A1C2-D924BACDBE99}.Debug|Any CPU.ActiveCfg = Debug|Any CPU
		{7737AF36-122A-4789-A1C2-D924BACDBE99}.Debug|Any CPU.Build.0 = Debug|Any CPU
		{7737AF36-122A-4789-A1C2-D924BACDBE99}.Release|Any CPU.ActiveCfg = Release|Any CPU
		{7737AF36-122A-4789-A1C2-D924BACDBE99}.Release|Any CPU.Build.0 = Release|Any CPU
	EndGlobalSection
	GlobalSection(SolutionProperties) = preSolution
		HideSolutionNode = FALSE
	EndGlobalSection
	GlobalSection(ExtensibilityGlobals) = postSolution
		SolutionGuid = {4FCE488B-E2AF-452B-B84C-979B380A0C5F}
	EndGlobalSection
EndGlobal
